
Microsoft Visual Studio Solution File, Format Version 12.00
# Visual Studio Version 17
VisualStudioVersion = 17.4.33110.190
MinimumVisualStudioVersion = 10.0.40219.1
Project("{2150E333-8FDC-42A3-9474-1A3956D46DE8}") = "src", "src", "{EB0129AD-7EF3-4D2B-8A0E-39554B7423AC}"
EndProject
Project("{2150E333-8FDC-42A3-9474-1A3956D46DE8}") = "0 - Building Blocks", "0 - Building Blocks", "{93926F45-72FA-4832-8471-E3696A023DCD}"
EndProject
Project("{2150E333-8FDC-42A3-9474-1A3956D46DE8}") = "2 - Services", "2 - Services", "{B6785E90-FF5C-4751-A1D8-4960333FC12F}"
EndProject
Project("{2150E333-8FDC-42A3-9474-1A3956D46DE8}") = "3 - Application", "3 - Application", "{6F167B15-DFC9-4F60-8A04-4DE643FEAC49}"
EndProject
Project("{2150E333-8FDC-42A3-9474-1A3956D46DE8}") = "4 - Domain", "4 - Domain", "{A52428D9-5A4D-4C28-A00A-47888E640891}"
EndProject
Project("{2150E333-8FDC-42A3-9474-1A3956D46DE8}") = "5 - Infra", "5 - Infra", "{EE638074-499C-4B31-A044-3E0BF398BB07}"
EndProject
Project("{2150E333-8FDC-42A3-9474-1A3956D46DE8}") = "6 - Test", "6 - Test", "{54A15E79-5A00-4917-B9CF-51D67F3406D8}"
EndProject
Project("{9A19103F-16F7-4668-BE54-9A1E7A4F7556}") = "xStore.Domain", "src\xStore.Domain\xStore.Domain.csproj", "{3CD88ED7-CE86-4B15-B48F-5D9847669AF3}"
EndProject
Project("{2150E333-8FDC-42A3-9474-1A3956D46DE8}") = "1 - Presentation", "1 - Presentation", "{541B601D-DB37-44DF-991B-5E4ED0C001F0}"
EndProject
Project("{9A19103F-16F7-4668-BE54-9A1E7A4F7556}") = "xStore.Core", "src\xStore.Core\xStore.Core.csproj", "{46C0A7F4-A67D-4E67-8C32-D2FC06D9D72E}"
EndProject
Project("{FAE04EC0-301F-11D3-BF4B-00C04F79EFBC}") = "xStore.Infra.Data", "src\xStore.Infra.Data\xStore.Infra.Data.csproj", "{B0D10533-628D-418E-997D-06DB76F62759}"
EndProject
Project("{FAE04EC0-301F-11D3-BF4B-00C04F79EFBC}") = "XStore.Domain.Shared", "src\XStore.Domain.Shared\XStore.Domain.Shared.csproj", "{8585C82D-8AB4-48A0-A4E8-EA6DC0F78E24}"
EndProject
Global
	GlobalSection(SolutionConfigurationPlatforms) = preSolution
		Debug|Any CPU = Debug|Any CPU
		Release|Any CPU = Release|Any CPU
	EndGlobalSection
	GlobalSection(ProjectConfigurationPlatforms) = postSolution
		{3CD88ED7-CE86-4B15-B48F-5D9847669AF3}.Debug|Any CPU.ActiveCfg = Debug|Any CPU
		{3CD88ED7-CE86-4B15-B48F-5D9847669AF3}.Debug|Any CPU.Build.0 = Debug|Any CPU
		{3CD88ED7-CE86-4B15-B48F-5D9847669AF3}.Release|Any CPU.ActiveCfg = Release|Any CPU
		{3CD88ED7-CE86-4B15-B48F-5D9847669AF3}.Release|Any CPU.Build.0 = Release|Any CPU
		{46C0A7F4-A67D-4E67-8C32-D2FC06D9D72E}.Debug|Any CPU.ActiveCfg = Debug|Any CPU
		{46C0A7F4-A67D-4E67-8C32-D2FC06D9D72E}.Debug|Any CPU.Build.0 = Debug|Any CPU
		{46C0A7F4-A67D-4E67-8C32-D2FC06D9D72E}.Release|Any CPU.ActiveCfg = Release|Any CPU
		{46C0A7F4-A67D-4E67-8C32-D2FC06D9D72E}.Release|Any CPU.Build.0 = Release|Any CPU
		{B0D10533-628D-418E-997D-06DB76F62759}.Debug|Any CPU.ActiveCfg = Debug|Any CPU
		{B0D10533-628D-418E-997D-06DB76F62759}.Debug|Any CPU.Build.0 = Debug|Any CPU
		{B0D10533-628D-418E-997D-06DB76F62759}.Release|Any CPU.ActiveCfg = Release|Any CPU
		{B0D10533-628D-418E-997D-06DB76F62759}.Release|Any CPU.Build.0 = Release|Any CPU
		{8585C82D-8AB4-48A0-A4E8-EA6DC0F78E24}.Debug|Any CPU.ActiveCfg = Debug|Any CPU
		{8585C82D-8AB4-48A0-A4E8-EA6DC0F78E24}.Debug|Any CPU.Build.0 = Debug|Any CPU
		{8585C82D-8AB4-48A0-A4E8-EA6DC0F78E24}.Release|Any CPU.ActiveCfg = Release|Any CPU
		{8585C82D-8AB4-48A0-A4E8-EA6DC0F78E24}.Release|Any CPU.Build.0 = Release|Any CPU
	EndGlobalSection
	GlobalSection(SolutionProperties) = preSolution
		HideSolutionNode = FALSE
	EndGlobalSection
	GlobalSection(NestedProjects) = preSolution
		{93926F45-72FA-4832-8471-E3696A023DCD} = {EB0129AD-7EF3-4D2B-8A0E-39554B7423AC}
		{B6785E90-FF5C-4751-A1D8-4960333FC12F} = {EB0129AD-7EF3-4D2B-8A0E-39554B7423AC}
		{6F167B15-DFC9-4F60-8A04-4DE643FEAC49} = {EB0129AD-7EF3-4D2B-8A0E-39554B7423AC}
		{A52428D9-5A4D-4C28-A00A-47888E640891} = {EB0129AD-7EF3-4D2B-8A0E-39554B7423AC}
		{EE638074-499C-4B31-A044-3E0BF398BB07} = {EB0129AD-7EF3-4D2B-8A0E-39554B7423AC}
		{54A15E79-5A00-4917-B9CF-51D67F3406D8} = {EB0129AD-7EF3-4D2B-8A0E-39554B7423AC}
		{3CD88ED7-CE86-4B15-B48F-5D9847669AF3} = {A52428D9-5A4D-4C28-A00A-47888E640891}
		{541B601D-DB37-44DF-991B-5E4ED0C001F0} = {EB0129AD-7EF3-4D2B-8A0E-39554B7423AC}
		{46C0A7F4-A67D-4E67-8C32-D2FC06D9D72E} = {93926F45-72FA-4832-8471-E3696A023DCD}
		{B0D10533-628D-418E-997D-06DB76F62759} = {EE638074-499C-4B31-A044-3E0BF398BB07}
		{8585C82D-8AB4-48A0-A4E8-EA6DC0F78E24} = {A52428D9-5A4D-4C28-A00A-47888E640891}
	EndGlobalSection
	GlobalSection(ExtensibilityGlobals) = postSolution
		SolutionGuid = {90CA385B-E68A-47E3-B78F-0CB375ACB9C6}
	EndGlobalSection
EndGlobal
